// !$*UTF8*$!
{
	archiveVersion = 1;
	classes = {
	};
	objectVersion = 51;
	objects = {

/* Begin PBXBuildFile section */
		20333DC3F7182DDFD2CEED09 /* Pods_Places.framework in Frameworks */ = {isa = PBXBuildFile; fileRef = 870A0D51BE1B4FAABD1BF23A /* Pods_Places.framework */; };
		3C1FA485264AC0D5007D80E9 /* Extension + UITextField.swift in Sources */ = {isa = PBXBuildFile; fileRef = 3C1FA484264AC0D5007D80E9 /* Extension + UITextField.swift */; };
		3C1FA487264C2052007D80E9 /* StorageManager.swift in Sources */ = {isa = PBXBuildFile; fileRef = 3C1FA486264C2052007D80E9 /* StorageManager.swift */; };
		3C1FA48B264EA22F007D80E9 /* RatingControl.swift in Sources */ = {isa = PBXBuildFile; fileRef = 3C1FA48A264EA22F007D80E9 /* RatingControl.swift */; };
		3C820773264FCA2D00FDFB22 /* RatingDisplay.swift in Sources */ = {isa = PBXBuildFile; fileRef = 3C820772264FCA2D00FDFB22 /* RatingDisplay.swift */; };
		3C97B563277008CD005D9322 /* ICloudManager.swift in Sources */ = {isa = PBXBuildFile; fileRef = 3C97B562277008CD005D9322 /* ICloudManager.swift */; };
		3CBA322F276A101B00FC0217 /* CloudKit.framework in Frameworks */ = {isa = PBXBuildFile; fileRef = 3CBA322E276A101B00FC0217 /* CloudKit.framework */; };
		3CCC4D7F265BE18F00C318D8 /* MapViewController.swift in Sources */ = {isa = PBXBuildFile; fileRef = 3CCC4D7E265BE18F00C318D8 /* MapViewController.swift */; };
		3CCC4D81265D3A3600C318D8 /* MapManager.swift in Sources */ = {isa = PBXBuildFile; fileRef = 3CCC4D80265D3A3600C318D8 /* MapManager.swift */; };
		3CEE101326479F8A0088BBAE /* AppDelegate.swift in Sources */ = {isa = PBXBuildFile; fileRef = 3CEE101226479F8A0088BBAE /* AppDelegate.swift */; };
		3CEE101526479F8A0088BBAE /* SceneDelegate.swift in Sources */ = {isa = PBXBuildFile; fileRef = 3CEE101426479F8A0088BBAE /* SceneDelegate.swift */; };
		3CEE101726479F8A0088BBAE /* PlaceListViewController.swift in Sources */ = {isa = PBXBuildFile; fileRef = 3CEE101626479F8A0088BBAE /* PlaceListViewController.swift */; };
		3CEE101A26479F8A0088BBAE /* Main.storyboard in Resources */ = {isa = PBXBuildFile; fileRef = 3CEE101826479F8A0088BBAE /* Main.storyboard */; };
		3CEE101C26479F8C0088BBAE /* Assets.xcassets in Resources */ = {isa = PBXBuildFile; fileRef = 3CEE101B26479F8C0088BBAE /* Assets.xcassets */; };
		3CEE101F26479F8C0088BBAE /* LaunchScreen.storyboard in Resources */ = {isa = PBXBuildFile; fileRef = 3CEE101D26479F8C0088BBAE /* LaunchScreen.storyboard */; };
		3CEE102C2647A20C0088BBAE /* PlaceModel.swift in Sources */ = {isa = PBXBuildFile; fileRef = 3CEE102B2647A20C0088BBAE /* PlaceModel.swift */; };
		3CEE102E2647A7660088BBAE /* PlaceListTableViewCell.swift in Sources */ = {isa = PBXBuildFile; fileRef = 3CEE102D2647A7650088BBAE /* PlaceListTableViewCell.swift */; };
		3CEE10312647B3E70088BBAE /* Extension + UILabel.swift in Sources */ = {isa = PBXBuildFile; fileRef = 3CEE10302647B3E70088BBAE /* Extension + UILabel.swift */; };
		3CEE10332647B8220088BBAE /* Extension + UIImageView.swift in Sources */ = {isa = PBXBuildFile; fileRef = 3CEE10322647B8220088BBAE /* Extension + UIImageView.swift */; };
		3CEE10352647BAF50088BBAE /* DescriptionTableViewController.swift in Sources */ = {isa = PBXBuildFile; fileRef = 3CEE10342647BAF50088BBAE /* DescriptionTableViewController.swift */; };
/* End PBXBuildFile section */

/* Begin PBXFileReference section */
		3C1FA484264AC0D5007D80E9 /* Extension + UITextField.swift */ = {isa = PBXFileReference; lastKnownFileType = sourcecode.swift; path = "Extension + UITextField.swift"; sourceTree = "<group>"; };
		3C1FA486264C2052007D80E9 /* StorageManager.swift */ = {isa = PBXFileReference; lastKnownFileType = sourcecode.swift; path = StorageManager.swift; sourceTree = "<group>"; };
		3C1FA48A264EA22F007D80E9 /* RatingControl.swift */ = {isa = PBXFileReference; lastKnownFileType = sourcecode.swift; path = RatingControl.swift; sourceTree = "<group>"; };
		3C820772264FCA2D00FDFB22 /* RatingDisplay.swift */ = {isa = PBXFileReference; lastKnownFileType = sourcecode.swift; path = RatingDisplay.swift; sourceTree = "<group>"; };
		3C97B562277008CD005D9322 /* ICloudManager.swift */ = {isa = PBXFileReference; lastKnownFileType = sourcecode.swift; path = ICloudManager.swift; sourceTree = "<group>"; };
		3CBA322D276A0FBF00FC0217 /* Places.entitlements */ = {isa = PBXFileReference; lastKnownFileType = text.plist.entitlements; path = Places.entitlements; sourceTree = "<group>"; };
		3CBA322E276A101B00FC0217 /* CloudKit.framework */ = {isa = PBXFileReference; lastKnownFileType = wrapper.framework; name = CloudKit.framework; path = System/Library/Frameworks/CloudKit.framework; sourceTree = SDKROOT; };
		3CCC4D7E265BE18F00C318D8 /* MapViewController.swift */ = {isa = PBXFileReference; lastKnownFileType = sourcecode.swift; path = MapViewController.swift; sourceTree = "<group>"; };
		3CCC4D80265D3A3600C318D8 /* MapManager.swift */ = {isa = PBXFileReference; lastKnownFileType = sourcecode.swift; path = MapManager.swift; sourceTree = "<group>"; };
		3CEE100F26479F8A0088BBAE /* Places.app */ = {isa = PBXFileReference; explicitFileType = wrapper.application; includeInIndex = 0; path = Places.app; sourceTree = BUILT_PRODUCTS_DIR; };
		3CEE101226479F8A0088BBAE /* AppDelegate.swift */ = {isa = PBXFileReference; lastKnownFileType = sourcecode.swift; path = AppDelegate.swift; sourceTree = "<group>"; };
		3CEE101426479F8A0088BBAE /* SceneDelegate.swift */ = {isa = PBXFileReference; lastKnownFileType = sourcecode.swift; path = SceneDelegate.swift; sourceTree = "<group>"; };
		3CEE101626479F8A0088BBAE /* PlaceListViewController.swift */ = {isa = PBXFileReference; lastKnownFileType = sourcecode.swift; path = PlaceListViewController.swift; sourceTree = "<group>"; };
		3CEE101926479F8A0088BBAE /* Base */ = {isa = PBXFileReference; lastKnownFileType = file.storyboard; name = Base; path = Base.lproj/Main.storyboard; sourceTree = "<group>"; };
		3CEE101B26479F8C0088BBAE /* Assets.xcassets */ = {isa = PBXFileReference; lastKnownFileType = folder.assetcatalog; path = Assets.xcassets; sourceTree = "<group>"; };
		3CEE101E26479F8C0088BBAE /* Base */ = {isa = PBXFileReference; lastKnownFileType = file.storyboard; name = Base; path = Base.lproj/LaunchScreen.storyboard; sourceTree = "<group>"; };
		3CEE102026479F8C0088BBAE /* Info.plist */ = {isa = PBXFileReference; lastKnownFileType = text.plist.xml; path = Info.plist; sourceTree = "<group>"; };
		3CEE102B2647A20C0088BBAE /* PlaceModel.swift */ = {isa = PBXFileReference; lastKnownFileType = sourcecode.swift; path = PlaceModel.swift; sourceTree = "<group>"; };
		3CEE102D2647A7650088BBAE /* PlaceListTableViewCell.swift */ = {isa = PBXFileReference; lastKnownFileType = sourcecode.swift; path = PlaceListTableViewCell.swift; sourceTree = "<group>"; };
		3CEE10302647B3E70088BBAE /* Extension + UILabel.swift */ = {isa = PBXFileReference; lastKnownFileType = sourcecode.swift; path = "Extension + UILabel.swift"; sourceTree = "<group>"; };
		3CEE10322647B8220088BBAE /* Extension + UIImageView.swift */ = {isa = PBXFileReference; lastKnownFileType = sourcecode.swift; path = "Extension + UIImageView.swift"; sourceTree = "<group>"; };
		3CEE10342647BAF50088BBAE /* DescriptionTableViewController.swift */ = {isa = PBXFileReference; lastKnownFileType = sourcecode.swift; path = DescriptionTableViewController.swift; sourceTree = "<group>"; };
		489711981DE59379EE791A62 /* Pods-Places.release.xcconfig */ = {isa = PBXFileReference; includeInIndex = 1; lastKnownFileType = text.xcconfig; name = "Pods-Places.release.xcconfig"; path = "Target Support Files/Pods-Places/Pods-Places.release.xcconfig"; sourceTree = "<group>"; };
		870A0D51BE1B4FAABD1BF23A /* Pods_Places.framework */ = {isa = PBXFileReference; explicitFileType = wrapper.framework; includeInIndex = 0; path = Pods_Places.framework; sourceTree = BUILT_PRODUCTS_DIR; };
		997E30498209D8A5F15EB248 /* Pods-Places.debug.xcconfig */ = {isa = PBXFileReference; includeInIndex = 1; lastKnownFileType = text.xcconfig; name = "Pods-Places.debug.xcconfig"; path = "Target Support Files/Pods-Places/Pods-Places.debug.xcconfig"; sourceTree = "<group>"; };
/* End PBXFileReference section */

/* Begin PBXFrameworksBuildPhase section */
		3CEE100C26479F8A0088BBAE /* Frameworks */ = {
			isa = PBXFrameworksBuildPhase;
			buildActionMask = 2147483647;
			files = (
				20333DC3F7182DDFD2CEED09 /* Pods_Places.framework in Frameworks */,
				3CBA322F276A101B00FC0217 /* CloudKit.framework in Frameworks */,
			);
			runOnlyForDeploymentPostprocessing = 0;
		};
/* End PBXFrameworksBuildPhase section */

/* Begin PBXGroup section */
		218E4AE3E3E123F209BF164D /* Frameworks */ = {
			isa = PBXGroup;
			children = (
				3CBA322E276A101B00FC0217 /* CloudKit.framework */,
				870A0D51BE1B4FAABD1BF23A /* Pods_Places.framework */,
			);
			name = Frameworks;
			sourceTree = "<group>";
		};
		3C820771264FC9DD00FDFB22 /* Managers */ = {
			isa = PBXGroup;
			children = (
				3C1FA486264C2052007D80E9 /* StorageManager.swift */,
				3CCC4D80265D3A3600C318D8 /* MapManager.swift */,
				3C97B562277008CD005D9322 /* ICloudManager.swift */,
			);
			path = Managers;
			sourceTree = "<group>";
		};
		3CEE100626479F8A0088BBAE = {
			isa = PBXGroup;
			children = (
				3CEE101126479F8A0088BBAE /* Places */,
				3CEE101026479F8A0088BBAE /* Products */,
				A8736547DDE60667221D9DC2 /* Pods */,
				218E4AE3E3E123F209BF164D /* Frameworks */,
			);
			sourceTree = "<group>";
		};
		3CEE101026479F8A0088BBAE /* Products */ = {
			isa = PBXGroup;
			children = (
				3CEE100F26479F8A0088BBAE /* Places.app */,
			);
			name = Products;
			sourceTree = "<group>";
		};
		3CEE101126479F8A0088BBAE /* Places */ = {
			isa = PBXGroup;
			children = (
				3CEE10262647A0420088BBAE /* Storyboards */,
				3CEE10272647A0560088BBAE /* ViewControllers */,
				3CEE102A2647A1EC0088BBAE /* Models */,
				3CEE102F2647B3C80088BBAE /* Extensions */,
				3CEE10282647A0710088BBAE /* Delegates */,
				3C820771264FC9DD00FDFB22 /* Managers */,
				3CEE10292647A0930088BBAE /* Sources */,
			);
			path = Places;
			sourceTree = "<group>";
		};
		3CEE10262647A0420088BBAE /* Storyboards */ = {
			isa = PBXGroup;
			children = (
				3CEE101826479F8A0088BBAE /* Main.storyboard */,
				3CEE101D26479F8C0088BBAE /* LaunchScreen.storyboard */,
			);
			path = Storyboards;
			sourceTree = "<group>";
		};
		3CEE10272647A0560088BBAE /* ViewControllers */ = {
			isa = PBXGroup;
			children = (
				3CEE101626479F8A0088BBAE /* PlaceListViewController.swift */,
				3CEE102D2647A7650088BBAE /* PlaceListTableViewCell.swift */,
				3CEE10342647BAF50088BBAE /* DescriptionTableViewController.swift */,
				3C1FA48A264EA22F007D80E9 /* RatingControl.swift */,
				3C820772264FCA2D00FDFB22 /* RatingDisplay.swift */,
				3CCC4D7E265BE18F00C318D8 /* MapViewController.swift */,
			);
			path = ViewControllers;
			sourceTree = "<group>";
		};
		3CEE10282647A0710088BBAE /* Delegates */ = {
			isa = PBXGroup;
			children = (
				3CEE101226479F8A0088BBAE /* AppDelegate.swift */,
				3CEE101426479F8A0088BBAE /* SceneDelegate.swift */,
			);
			path = Delegates;
			sourceTree = "<group>";
		};
		3CEE10292647A0930088BBAE /* Sources */ = {
			isa = PBXGroup;
			children = (
				3CBA322D276A0FBF00FC0217 /* Places.entitlements */,
				3CEE101B26479F8C0088BBAE /* Assets.xcassets */,
				3CEE102026479F8C0088BBAE /* Info.plist */,
			);
			path = Sources;
			sourceTree = "<group>";
		};
		3CEE102A2647A1EC0088BBAE /* Models */ = {
			isa = PBXGroup;
			children = (
				3CEE102B2647A20C0088BBAE /* PlaceModel.swift */,
			);
			path = Models;
			sourceTree = "<group>";
		};
		3CEE102F2647B3C80088BBAE /* Extensions */ = {
			isa = PBXGroup;
			children = (
				3CEE10302647B3E70088BBAE /* Extension + UILabel.swift */,
				3CEE10322647B8220088BBAE /* Extension + UIImageView.swift */,
				3C1FA484264AC0D5007D80E9 /* Extension + UITextField.swift */,
			);
			path = Extensions;
			sourceTree = "<group>";
		};
		A8736547DDE60667221D9DC2 /* Pods */ = {
			isa = PBXGroup;
			children = (
				997E30498209D8A5F15EB248 /* Pods-Places.debug.xcconfig */,
				489711981DE59379EE791A62 /* Pods-Places.release.xcconfig */,
			);
			path = Pods;
			sourceTree = "<group>";
		};
/* End PBXGroup section */

/* Begin PBXNativeTarget section */
		3CEE100E26479F8A0088BBAE /* Places */ = {
			isa = PBXNativeTarget;
			buildConfigurationList = 3CEE102326479F8C0088BBAE /* Build configuration list for PBXNativeTarget "Places" */;
			buildPhases = (
				D1AFB7C8FCCC33D5192EA113 /* [CP] Check Pods Manifest.lock */,
				3CEE100B26479F8A0088BBAE /* Sources */,
				3CEE100C26479F8A0088BBAE /* Frameworks */,
				3CEE100D26479F8A0088BBAE /* Resources */,
				E838FEDAD147620B31982111 /* [CP] Embed Pods Frameworks */,
			);
			buildRules = (
			);
			dependencies = (
			);
			name = Places;
			productName = Places;
			productReference = 3CEE100F26479F8A0088BBAE /* Places.app */;
			productType = "com.apple.product-type.application";
		};
/* End PBXNativeTarget section */

/* Begin PBXProject section */
		3CEE100726479F8A0088BBAE /* Project object */ = {
			isa = PBXProject;
			attributes = {
				LastSwiftUpdateCheck = 1250;
				LastUpgradeCheck = 1250;
				TargetAttributes = {
					3CEE100E26479F8A0088BBAE = {
						CreatedOnToolsVersion = 12.5;
					};
				};
			};
			buildConfigurationList = 3CEE100A26479F8A0088BBAE /* Build configuration list for PBXProject "Places" */;
			compatibilityVersion = "Xcode 9.3";
			developmentRegion = en;
			hasScannedForEncodings = 0;
			knownRegions = (
				en,
				Base,
			);
			mainGroup = 3CEE100626479F8A0088BBAE;
			productRefGroup = 3CEE101026479F8A0088BBAE /* Products */;
			projectDirPath = "";
			projectRoot = "";
			targets = (
				3CEE100E26479F8A0088BBAE /* Places */,
			);
		};
/* End PBXProject section */

/* Begin PBXResourcesBuildPhase section */
		3CEE100D26479F8A0088BBAE /* Resources */ = {
			isa = PBXResourcesBuildPhase;
			buildActionMask = 2147483647;
			files = (
				3CEE101F26479F8C0088BBAE /* LaunchScreen.storyboard in Resources */,
				3CEE101C26479F8C0088BBAE /* Assets.xcassets in Resources */,
				3CEE101A26479F8A0088BBAE /* Main.storyboard in Resources */,
			);
			runOnlyForDeploymentPostprocessing = 0;
		};
/* End PBXResourcesBuildPhase section */

/* Begin PBXShellScriptBuildPhase section */
		D1AFB7C8FCCC33D5192EA113 /* [CP] Check Pods Manifest.lock */ = {
			isa = PBXShellScriptBuildPhase;
			buildActionMask = 2147483647;
			files = (
			);
			inputFileListPaths = (
			);
			inputPaths = (
				"${PODS_PODFILE_DIR_PATH}/Podfile.lock",
				"${PODS_ROOT}/Manifest.lock",
			);
			name = "[CP] Check Pods Manifest.lock";
			outputFileListPaths = (
			);
			outputPaths = (
				"$(DERIVED_FILE_DIR)/Pods-Places-checkManifestLockResult.txt",
			);
			runOnlyForDeploymentPostprocessing = 0;
			shellPath = /bin/sh;
			shellScript = "diff \"${PODS_PODFILE_DIR_PATH}/Podfile.lock\" \"${PODS_ROOT}/Manifest.lock\" > /dev/null\nif [ $? != 0 ] ; then\n    # print error to STDERR\n    echo \"error: The sandbox is not in sync with the Podfile.lock. Run 'pod install' or update your CocoaPods installation.\" >&2\n    exit 1\nfi\n# This output is used by Xcode 'outputs' to avoid re-running this script phase.\necho \"SUCCESS\" > \"${SCRIPT_OUTPUT_FILE_0}\"\n";
			showEnvVarsInLog = 0;
		};
		E838FEDAD147620B31982111 /* [CP] Embed Pods Frameworks */ = {
			isa = PBXShellScriptBuildPhase;
			buildActionMask = 2147483647;
			files = (
			);
			inputFileListPaths = (
				"${PODS_ROOT}/Target Support Files/Pods-Places/Pods-Places-frameworks-${CONFIGURATION}-input-files.xcfilelist",
			);
			name = "[CP] Embed Pods Frameworks";
			outputFileListPaths = (
				"${PODS_ROOT}/Target Support Files/Pods-Places/Pods-Places-frameworks-${CONFIGURATION}-output-files.xcfilelist",
			);
			runOnlyForDeploymentPostprocessing = 0;
			shellPath = /bin/sh;
			shellScript = "\"${PODS_ROOT}/Target Support Files/Pods-Places/Pods-Places-frameworks.sh\"\n";
			showEnvVarsInLog = 0;
		};
/* End PBXShellScriptBuildPhase section */

/* Begin PBXSourcesBuildPhase section */
		3CEE100B26479F8A0088BBAE /* Sources */ = {
			isa = PBXSourcesBuildPhase;
			buildActionMask = 2147483647;
			files = (
				3CEE101726479F8A0088BBAE /* PlaceListViewController.swift in Sources */,
				3C820773264FCA2D00FDFB22 /* RatingDisplay.swift in Sources */,
				3C1FA48B264EA22F007D80E9 /* RatingControl.swift in Sources */,
				3C1FA485264AC0D5007D80E9 /* Extension + UITextField.swift in Sources */,
				3CCC4D81265D3A3600C318D8 /* MapManager.swift in Sources */,
				3CEE102C2647A20C0088BBAE /* PlaceModel.swift in Sources */,
				3CEE10352647BAF50088BBAE /* DescriptionTableViewController.swift in Sources */,
				3CCC4D7F265BE18F00C318D8 /* MapViewController.swift in Sources */,
				3CEE10312647B3E70088BBAE /* Extension + UILabel.swift in Sources */,
				3C1FA487264C2052007D80E9 /* StorageManager.swift in Sources */,
				3CEE101326479F8A0088BBAE /* AppDelegate.swift in Sources */,
				3CEE102E2647A7660088BBAE /* PlaceListTableViewCell.swift in Sources */,
				3CEE10332647B8220088BBAE /* Extension + UIImageView.swift in Sources */,
				3CEE101526479F8A0088BBAE /* SceneDelegate.swift in Sources */,
				3C97B563277008CD005D9322 /* ICloudManager.swift in Sources */,
			);
			runOnlyForDeploymentPostprocessing = 0;
		};
/* End PBXSourcesBuildPhase section */

/* Begin PBXVariantGroup section */
		3CEE101826479F8A0088BBAE /* Main.storyboard */ = {
			isa = PBXVariantGroup;
			children = (
				3CEE101926479F8A0088BBAE /* Base */,
			);
			name = Main.storyboard;
			sourceTree = "<group>";
		};
		3CEE101D26479F8C0088BBAE /* LaunchScreen.storyboard */ = {
			isa = PBXVariantGroup;
			children = (
				3CEE101E26479F8C0088BBAE /* Base */,
			);
			name = LaunchScreen.storyboard;
			sourceTree = "<group>";
		};
/* End PBXVariantGroup section */

/* Begin XCBuildConfiguration section */
		3CEE102126479F8C0088BBAE /* Debug */ = {
			isa = XCBuildConfiguration;
			buildSettings = {
				ALWAYS_SEARCH_USER_PATHS = NO;
				CLANG_ANALYZER_NONNULL = YES;
				CLANG_ANALYZER_NUMBER_OBJECT_CONVERSION = YES_AGGRESSIVE;
				CLANG_CXX_LANGUAGE_STANDARD = "gnu++14";
				CLANG_CXX_LIBRARY = "libc++";
				CLANG_ENABLE_MODULES = YES;
				CLANG_ENABLE_OBJC_ARC = YES;
				CLANG_ENABLE_OBJC_WEAK = YES;
				CLANG_WARN_BLOCK_CAPTURE_AUTORELEASING = YES;
				CLANG_WARN_BOOL_CONVERSION = YES;
				CLANG_WARN_COMMA = YES;
				CLANG_WARN_CONSTANT_CONVERSION = YES;
				CLANG_WARN_DEPRECATED_OBJC_IMPLEMENTATIONS = YES;
				CLANG_WARN_DIRECT_OBJC_ISA_USAGE = YES_ERROR;
				CLANG_WARN_DOCUMENTATION_COMMENTS = YES;
				CLANG_WARN_EMPTY_BODY = YES;
				CLANG_WARN_ENUM_CONVERSION = YES;
				CLANG_WARN_INFINITE_RECURSION = YES;
				CLANG_WARN_INT_CONVERSION = YES;
				CLANG_WARN_NON_LITERAL_NULL_CONVERSION = YES;
				CLANG_WARN_OBJC_IMPLICIT_RETAIN_SELF = YES;
				CLANG_WARN_OBJC_LITERAL_CONVERSION = YES;
				CLANG_WARN_OBJC_ROOT_CLASS = YES_ERROR;
				CLANG_WARN_QUOTED_INCLUDE_IN_FRAMEWORK_HEADER = YES;
				CLANG_WARN_RANGE_LOOP_ANALYSIS = YES;
				CLANG_WARN_STRICT_PROTOTYPES = YES;
				CLANG_WARN_SUSPICIOUS_MOVE = YES;
				CLANG_WARN_UNGUARDED_AVAILABILITY = YES_AGGRESSIVE;
				CLANG_WARN_UNREACHABLE_CODE = YES;
				CLANG_WARN__DUPLICATE_METHOD_MATCH = YES;
				COPY_PHASE_STRIP = NO;
				DEBUG_INFORMATION_FORMAT = dwarf;
				ENABLE_STRICT_OBJC_MSGSEND = YES;
				ENABLE_TESTABILITY = YES;
				GCC_C_LANGUAGE_STANDARD = gnu11;
				GCC_DYNAMIC_NO_PIC = NO;
				GCC_NO_COMMON_BLOCKS = YES;
				GCC_OPTIMIZATION_LEVEL = 0;
				GCC_PREPROCESSOR_DEFINITIONS = (
					"DEBUG=1",
					"$(inherited)",
				);
				GCC_WARN_64_TO_32_BIT_CONVERSION = YES;
				GCC_WARN_ABOUT_RETURN_TYPE = YES_ERROR;
				GCC_WARN_UNDECLARED_SELECTOR = YES;
				GCC_WARN_UNINITIALIZED_AUTOS = YES_AGGRESSIVE;
				GCC_WARN_UNUSED_FUNCTION = YES;
				GCC_WARN_UNUSED_VARIABLE = YES;
				IPHONEOS_DEPLOYMENT_TARGET = 14.5;
				MTL_ENABLE_DEBUG_INFO = INCLUDE_SOURCE;
				MTL_FAST_MATH = YES;
				ONLY_ACTIVE_ARCH = YES;
				SDKROOT = iphoneos;
				SWIFT_ACTIVE_COMPILATION_CONDITIONS = DEBUG;
				SWIFT_OPTIMIZATION_LEVEL = "-Onone";
			};
			name = Debug;
		};
		3CEE102226479F8C0088BBAE /* Release */ = {
			isa = XCBuildConfiguration;
			buildSettings = {
				ALWAYS_SEARCH_USER_PATHS = NO;
				CLANG_ANALYZER_NONNULL = YES;
				CLANG_ANALYZER_NUMBER_OBJECT_CONVERSION = YES_AGGRESSIVE;
				CLANG_CXX_LANGUAGE_STANDARD = "gnu++14";
				CLANG_CXX_LIBRARY = "libc++";
				CLANG_ENABLE_MODULES = YES;
				CLANG_ENABLE_OBJC_ARC = YES;
				CLANG_ENABLE_OBJC_WEAK = YES;
				CLANG_WARN_BLOCK_CAPTURE_AUTORELEASING = YES;
				CLANG_WARN_BOOL_CONVERSION = YES;
				CLANG_WARN_COMMA = YES;
				CLANG_WARN_CONSTANT_CONVERSION = YES;
				CLANG_WARN_DEPRECATED_OBJC_IMPLEMENTATIONS = YES;
				CLANG_WARN_DIRECT_OBJC_ISA_USAGE = YES_ERROR;
				CLANG_WARN_DOCUMENTATION_COMMENTS = YES;
				CLANG_WARN_EMPTY_BODY = YES;
				CLANG_WARN_ENUM_CONVERSION = YES;
				CLANG_WARN_INFINITE_RECURSION = YES;
				CLANG_WARN_INT_CONVERSION = YES;
				CLANG_WARN_NON_LITERAL_NULL_CONVERSION = YES;
				CLANG_WARN_OBJC_IMPLICIT_RETAIN_SELF = YES;
				CLANG_WARN_OBJC_LITERAL_CONVERSION = YES;
				CLANG_WARN_OBJC_ROOT_CLASS = YES_ERROR;
				CLANG_WARN_QUOTED_INCLUDE_IN_FRAMEWORK_HEADER = YES;
				CLANG_WARN_RANGE_LOOP_ANALYSIS = YES;
				CLANG_WARN_STRICT_PROTOTYPES = YES;
				CLANG_WARN_SUSPICIOUS_MOVE = YES;
				CLANG_WARN_UNGUARDED_AVAILABILITY = YES_AGGRESSIVE;
				CLANG_WARN_UNREACHABLE_CODE = YES;
				CLANG_WARN__DUPLICATE_METHOD_MATCH = YES;
				COPY_PHASE_STRIP = NO;
				DEBUG_INFORMATION_FORMAT = "dwarf-with-dsym";
				ENABLE_NS_ASSERTIONS = NO;
				ENABLE_STRICT_OBJC_MSGSEND = YES;
				GCC_C_LANGUAGE_STANDARD = gnu11;
				GCC_NO_COMMON_BLOCKS = YES;
				GCC_WARN_64_TO_32_BIT_CONVERSION = YES;
				GCC_WARN_ABOUT_RETURN_TYPE = YES_ERROR;
				GCC_WARN_UNDECLARED_SELECTOR = YES;
				GCC_WARN_UNINITIALIZED_AUTOS = YES_AGGRESSIVE;
				GCC_WARN_UNUSED_FUNCTION = YES;
				GCC_WARN_UNUSED_VARIABLE = YES;
				IPHONEOS_DEPLOYMENT_TARGET = 14.5;
				MTL_ENABLE_DEBUG_INFO = NO;
				MTL_FAST_MATH = YES;
				SDKROOT = iphoneos;
				SWIFT_COMPILATION_MODE = wholemodule;
				SWIFT_OPTIMIZATION_LEVEL = "-O";
				VALIDATE_PRODUCT = YES;
			};
			name = Release;
		};
		3CEE102426479F8C0088BBAE /* Debug */ = {
			isa = XCBuildConfiguration;
			baseConfigurationReference = 997E30498209D8A5F15EB248 /* Pods-Places.debug.xcconfig */;
			buildSettings = {
				ASSETCATALOG_COMPILER_APPICON_NAME = AppIcon;
				ASSETCATALOG_COMPILER_GLOBAL_ACCENT_COLOR_NAME = AccentColor;
				CODE_SIGN_ENTITLEMENTS = Places/Sources/Places.entitlements;
				CODE_SIGN_STYLE = Automatic;
				DEVELOPMENT_TEAM = MMLYXGU647;
				INFOPLIST_FILE = Places/Sources/Info.plist;
				LD_RUNPATH_SEARCH_PATHS = (
					"$(inherited)",
					"@executable_path/Frameworks",
				);
				PRODUCT_BUNDLE_IDENTIFIER = ru.tekmya.PlacesICloud;
				PRODUCT_NAME = "$(TARGET_NAME)";
				SWIFT_VERSION = 5.0;
				TARGETED_DEVICE_FAMILY = 1;
			};
			name = Debug;
		};
		3CEE102526479F8C0088BBAE /* Release */ = {
			isa = XCBuildConfiguration;
			baseConfigurationReference = 489711981DE59379EE791A62 /* Pods-Places.release.xcconfig */;
			buildSettings = {
				ASSETCATALOG_COMPILER_APPICON_NAME = AppIcon;
				ASSETCATALOG_COMPILER_GLOBAL_ACCENT_COLOR_NAME = AccentColor;
				CODE_SIGN_ENTITLEMENTS = Places/Sources/Places.entitlements;
				CODE_SIGN_STYLE = Automatic;
				DEVELOPMENT_TEAM = MMLYXGU647;
				INFOPLIST_FILE = Places/Sources/Info.plist;
				LD_RUNPATH_SEARCH_PATHS = (
					"$(inherited)",
					"@executable_path/Frameworks",
				);
				PRODUCT_BUNDLE_IDENTIFIER = ru.tekmya.PlacesICloud;
				PRODUCT_NAME = "$(TARGET_NAME)";
				SWIFT_VERSION = 5.0;
				TARGETED_DEVICE_FAMILY = 1;
			};
			name = Release;
		};
/* End XCBuildConfiguration section */

/* Begin XCConfigurationList section */
		3CEE100A26479F8A0088BBAE /* Build configuration list for PBXProject "Places" */ = {
			isa = XCConfigurationList;
			buildConfigurations = (
				3CEE102126479F8C0088BBAE /* Debug */,
				3CEE102226479F8C0088BBAE /* Release */,
			);
			defaultConfigurationIsVisible = 0;
			defaultConfigurationName = Release;
		};
		3CEE102326479F8C0088BBAE /* Build configuration list for PBXNativeTarget "Places" */ = {
			isa = XCConfigurationList;
			buildConfigurations = (
				3CEE102426479F8C0088BBAE /* Debug */,
				3CEE102526479F8C0088BBAE /* Release */,
			);
			defaultConfigurationIsVisible = 0;
			defaultConfigurationName = Release;
		};
/* End XCConfigurationList section */
	};
	rootObject = 3CEE100726479F8A0088BBAE /* Project object */;
}
